
Microsoft Visual Studio Solution File, Format Version 12.00
Project("{FAE04EC0-301F-11D3-BF4B-00C04F79EFBC}") = "VJoyReceiver", "VJoyReceiver\VJoyReceiver.csproj", "{B78745C3-880F-4FCD-B217-70B0B50957A8}"
EndProject
Global
	GlobalSection(SolutionConfigurationPlatforms) = preSolution
		Debug|Any CPU = Debug|Any CPU
		Release|Any CPU = Release|Any CPU
	EndGlobalSection
	GlobalSection(ProjectConfigurationPlatforms) = postSolution
		{B78745C3-880F-4FCD-B217-70B0B50957A8}.Debug|Any CPU.ActiveCfg = Debug|Any CPU
		{B78745C3-880F-4FCD-B217-70B0B50957A8}.Debug|Any CPU.Build.0 = Debug|Any CPU
		{B78745C3-880F-4FCD-B217-70B0B50957A8}.Release|Any CPU.ActiveCfg = Release|Any CPU
		{B78745C3-880F-4FCD-B217-70B0B50957A8}.Release|Any CPU.Build.0 = Release|Any CPU
	EndGlobalSection
EndGlobal
